
Microsoft Visual Studio Solution File, Format Version 12.00
# Visual Studio Version 17
VisualStudioVersion = 17.0.31903.59
MinimumVisualStudioVersion = 10.0.40219.1
Project("{2150E333-8FDC-42A3-9474-1A3956D46DE8}") = "src", "src", "{937984DF-AD31-423B-A031-826FE9D47B83}"
EndProject
Project("{F2A71F9B-5D33-465A-A702-920D77279786}") = "Library", "src\Library\Library.fsproj", "{29E32816-AB91-47C6-8E3B-21D9B92C4211}"
EndProject
Project("{F2A71F9B-5D33-465A-A702-920D77279786}") = "Library.Tests", "src\Library.Tests\Library.Tests.fsproj", "{942C1A95-6CDC-40F5-B190-CDDBEF4561AA}"
EndProject
Global
	GlobalSection(SolutionConfigurationPlatforms) = preSolution
		Debug|Any CPU = Debug|Any CPU
		Release|Any CPU = Release|Any CPU
	EndGlobalSection
	GlobalSection(SolutionProperties) = preSolution
		HideSolutionNode = FALSE
	EndGlobalSection
	GlobalSection(ProjectConfigurationPlatforms) = postSolution
		{29E32816-AB91-47C6-8E3B-21D9B92C4211}.Debug|Any CPU.ActiveCfg = Debug|Any CPU
		{29E32816-AB91-47C6-8E3B-21D9B92C4211}.Debug|Any CPU.Build.0 = Debug|Any CPU
		{29E32816-AB91-47C6-8E3B-21D9B92C4211}.Release|Any CPU.ActiveCfg = Release|Any CPU
		{29E32816-AB91-47C6-8E3B-21D9B92C4211}.Release|Any CPU.Build.0 = Release|Any CPU
		{942C1A95-6CDC-40F5-B190-CDDBEF4561AA}.Debug|Any CPU.ActiveCfg = Debug|Any CPU
		{942C1A95-6CDC-40F5-B190-CDDBEF4561AA}.Debug|Any CPU.Build.0 = Debug|Any CPU
		{942C1A95-6CDC-40F5-B190-CDDBEF4561AA}.Release|Any CPU.ActiveCfg = Release|Any CPU
		{942C1A95-6CDC-40F5-B190-CDDBEF4561AA}.Release|Any CPU.Build.0 = Release|Any CPU
	EndGlobalSection
	GlobalSection(NestedProjects) = preSolution
		{29E32816-AB91-47C6-8E3B-21D9B92C4211} = {937984DF-AD31-423B-A031-826FE9D47B83}
		{942C1A95-6CDC-40F5-B190-CDDBEF4561AA} = {937984DF-AD31-423B-A031-826FE9D47B83}
	EndGlobalSection
EndGlobal
